// !$*UTF8*$!
{
	archiveVersion = 1;
	classes = {
	};
	objectVersion = 46;
	objects = {

/* Begin PBXBuildFile section */
		7061302F1E7EEF2F00B9A186 /* AppDelegate.swift in Sources */ = {isa = PBXBuildFile; fileRef = 7061302E1E7EEF2F00B9A186 /* AppDelegate.swift */; };
		706130311E7EEF2F00B9A186 /* ViewController.swift in Sources */ = {isa = PBXBuildFile; fileRef = 706130301E7EEF2F00B9A186 /* ViewController.swift */; };
		706130341E7EEF2F00B9A186 /* Main.storyboard in Resources */ = {isa = PBXBuildFile; fileRef = 706130321E7EEF2F00B9A186 /* Main.storyboard */; };
		706130361E7EEF2F00B9A186 /* Assets.xcassets in Resources */ = {isa = PBXBuildFile; fileRef = 706130351E7EEF2F00B9A186 /* Assets.xcassets */; };
		706130391E7EEF2F00B9A186 /* LaunchScreen.storyboard in Resources */ = {isa = PBXBuildFile; fileRef = 706130371E7EEF2F00B9A186 /* LaunchScreen.storyboard */; };
		706130461E7EF14700B9A186 /* FaceView.swift in Sources */ = {isa = PBXBuildFile; fileRef = 706130451E7EF14700B9A186 /* FaceView.swift */; };
/* End PBXBuildFile section */

/* Begin PBXFileReference section */
		7061302B1E7EEF2F00B9A186 /* FaceIt.app */ = {isa = PBXFileReference; explicitFileType = wrapper.application; includeInIndex = 0; path = FaceIt.app; sourceTree = BUILT_PRODUCTS_DIR; };
		7061302E1E7EEF2F00B9A186 /* AppDelegate.swift */ = {isa = PBXFileReference; lastKnownFileType = sourcecode.swift; path = AppDelegate.swift; sourceTree = "<group>"; };
		706130301E7EEF2F00B9A186 /* ViewController.swift */ = {isa = PBXFileReference; lastKnownFileType = sourcecode.swift; path = ViewController.swift; sourceTree = "<group>"; };
		706130331E7EEF2F00B9A186 /* Base */ = {isa = PBXFileReference; lastKnownFileType = file.storyboard; name = Base; path = Base.lproj/Main.storyboard; sourceTree = "<group>"; };
		706130351E7EEF2F00B9A186 /* Assets.xcassets */ = {isa = PBXFileReference; lastKnownFileType = folder.assetcatalog; path = Assets.xcassets; sourceTree = "<group>"; };
		706130381E7EEF2F00B9A186 /* Base */ = {isa = PBXFileReference; lastKnownFileType = file.storyboard; name = Base; path = Base.lproj/LaunchScreen.storyboard; sourceTree = "<group>"; };
		7061303A1E7EEF2F00B9A186 /* Info.plist */ = {isa = PBXFileReference; lastKnownFileType = text.plist.xml; path = Info.plist; sourceTree = "<group>"; };
		706130451E7EF14700B9A186 /* FaceView.swift */ = {isa = PBXFileReference; fileEncoding = 4; lastKnownFileType = sourcecode.swift; path = FaceView.swift; sourceTree = "<group>"; };
/* End PBXFileReference section */

/* Begin PBXFrameworksBuildPhase section */
		706130281E7EEF2F00B9A186 /* Frameworks */ = {
			isa = PBXFrameworksBuildPhase;
			buildActionMask = 2147483647;
			files = (
			);
			runOnlyForDeploymentPostprocessing = 0;
		};
/* End PBXFrameworksBuildPhase section */

/* Begin PBXGroup section */
		706130221E7EEF2E00B9A186 = {
			isa = PBXGroup;
			children = (
				7061302D1E7EEF2F00B9A186 /* FaceIt */,
				7061302C1E7EEF2F00B9A186 /* Products */,
			);
			sourceTree = "<group>";
		};
		7061302C1E7EEF2F00B9A186 /* Products */ = {
			isa = PBXGroup;
			children = (
				7061302B1E7EEF2F00B9A186 /* FaceIt.app */,
			);
			name = Products;
			sourceTree = "<group>";
		};
		7061302D1E7EEF2F00B9A186 /* FaceIt */ = {
			isa = PBXGroup;
			children = (
				706130401E7EEF8900B9A186 /* SupportingFiles */,
				706130301E7EEF2F00B9A186 /* ViewController.swift */,
				706130451E7EF14700B9A186 /* FaceView.swift */,
				706130321E7EEF2F00B9A186 /* Main.storyboard */,
			);
			path = FaceIt;
			sourceTree = "<group>";
		};
		706130401E7EEF8900B9A186 /* SupportingFiles */ = {
			isa = PBXGroup;
			children = (
				7061302E1E7EEF2F00B9A186 /* AppDelegate.swift */,
				706130351E7EEF2F00B9A186 /* Assets.xcassets */,
				706130371E7EEF2F00B9A186 /* LaunchScreen.storyboard */,
				7061303A1E7EEF2F00B9A186 /* Info.plist */,
			);
			name = SupportingFiles;
			sourceTree = "<group>";
		};
/* End PBXGroup section */

/* Begin PBXNativeTarget section */
		7061302A1E7EEF2F00B9A186 /* FaceIt */ = {
			isa = PBXNativeTarget;
			buildConfigurationList = 7061303D1E7EEF2F00B9A186 /* Build configuration list for PBXNativeTarget "FaceIt" */;
			buildPhases = (
				706130271E7EEF2F00B9A186 /* Sources */,
				706130281E7EEF2F00B9A186 /* Frameworks */,
				706130291E7EEF2F00B9A186 /* Resources */,
			);
			buildRules = (
			);
			dependencies = (
			);
			name = FaceIt;
			productName = FaceIt;
			productReference = 7061302B1E7EEF2F00B9A186 /* FaceIt.app */;
			productType = "com.apple.product-type.application";
		};
/* End PBXNativeTarget section */

/* Begin PBXProject section */
		706130231E7EEF2E00B9A186 /* Project object */ = {
			isa = PBXProject;
			attributes = {
				LastSwiftUpdateCheck = 0820;
				LastUpgradeCheck = 0820;
				ORGANIZATIONNAME = "Doug Wells";
				TargetAttributes = {
					7061302A1E7EEF2F00B9A186 = {
						CreatedOnToolsVersion = 8.2.1;
						DevelopmentTeam = 2S9F6RQJH8;
						ProvisioningStyle = Automatic;
					};
				};
			};
			buildConfigurationList = 706130261E7EEF2E00B9A186 /* Build configuration list for PBXProject "FaceIt" */;
			compatibilityVersion = "Xcode 3.2";
			developmentRegion = English;
			hasScannedForEncodings = 0;
			knownRegions = (
				en,
				Base,
			);
			mainGroup = 706130221E7EEF2E00B9A186;
			productRefGroup = 7061302C1E7EEF2F00B9A186 /* Products */;
			projectDirPath = "";
			projectRoot = "";
			targets = (
				7061302A1E7EEF2F00B9A186 /* FaceIt */,
			);
		};
/* End PBXProject section */

/* Begin PBXResourcesBuildPhase section */
		706130291E7EEF2F00B9A186 /* Resources */ = {
			isa = PBXResourcesBuildPhase;
			buildActionMask = 2147483647;
			files = (
				706130391E7EEF2F00B9A186 /* LaunchScreen.storyboard in Resources */,
				706130361E7EEF2F00B9A186 /* Assets.xcassets in Resources */,
				706130341E7EEF2F00B9A186 /* Main.storyboard in Resources */,
			);
			runOnlyForDeploymentPostprocessing = 0;
		};
/* End PBXResourcesBuildPhase section */

/* Begin PBXSourcesBuildPhase section */
		706130271E7EEF2F00B9A186 /* Sources */ = {
			isa = PBXSourcesBuildPhase;
			buildActionMask = 2147483647;
			files = (
				706130311E7EEF2F00B9A186 /* ViewController.swift in Sources */,
				7061302F1E7EEF2F00B9A186 /* AppDelegate.swift in Sources */,
				706130461E7EF14700B9A186 /* FaceView.swift in Sources */,
			);
			runOnlyForDeploymentPostprocessing = 0;
		};
/* End PBXSourcesBuildPhase section */

/* Begin PBXVariantGroup section */
		706130321E7EEF2F00B9A186 /* Main.storyboard */ = {
			isa = PBXVariantGroup;
			children = (
				706130331E7EEF2F00B9A186 /* Base */,
			);
			name = Main.storyboard;
			sourceTree = "<group>";
		};
		706130371E7EEF2F00B9A186 /* LaunchScreen.storyboard */ = {
			isa = PBXVariantGroup;
			children = (
				706130381E7EEF2F00B9A186 /* Base */,
			);
			name = LaunchScreen.storyboard;
			sourceTree = "<group>";
		};
/* End PBXVariantGroup section */

/* Begin XCBuildConfiguration section */
		7061303B1E7EEF2F00B9A186 /* Debug */ = {
			isa = XCBuildConfiguration;
			buildSettings = {
				ALWAYS_SEARCH_USER_PATHS = NO;
				CLANG_ANALYZER_NONNULL = YES;
				CLANG_CXX_LANGUAGE_STANDARD = "gnu++0x";
				CLANG_CXX_LIBRARY = "libc++";
				CLANG_ENABLE_MODULES = YES;
				CLANG_ENABLE_OBJC_ARC = YES;
				CLANG_WARN_BOOL_CONVERSION = YES;
				CLANG_WARN_CONSTANT_CONVERSION = YES;
				CLANG_WARN_DIRECT_OBJC_ISA_USAGE = YES_ERROR;
				CLANG_WARN_DOCUMENTATION_COMMENTS = YES;
				CLANG_WARN_EMPTY_BODY = YES;
				CLANG_WARN_ENUM_CONVERSION = YES;
				CLANG_WARN_INFINITE_RECURSION = YES;
				CLANG_WARN_INT_CONVERSION = YES;
				CLANG_WARN_OBJC_ROOT_CLASS = YES_ERROR;
				CLANG_WARN_SUSPICIOUS_MOVE = YES;
				CLANG_WARN_UNREACHABLE_CODE = YES;
				CLANG_WARN__DUPLICATE_METHOD_MATCH = YES;
				"CODE_SIGN_IDENTITY[sdk=iphoneos*]" = "iPhone Developer";
				COPY_PHASE_STRIP = NO;
				DEBUG_INFORMATION_FORMAT = dwarf;
				ENABLE_STRICT_OBJC_MSGSEND = YES;
				ENABLE_TESTABILITY = YES;
				GCC_C_LANGUAGE_STANDARD = gnu99;
				GCC_DYNAMIC_NO_PIC = NO;
				GCC_NO_COMMON_BLOCKS = YES;
				GCC_OPTIMIZATION_LEVEL = 0;
				GCC_PREPROCESSOR_DEFINITIONS = (
					"DEBUG=1",
					"$(inherited)",
				);
				GCC_WARN_64_TO_32_BIT_CONVERSION = YES;
				GCC_WARN_ABOUT_RETURN_TYPE = YES_ERROR;
				GCC_WARN_UNDECLARED_SELECTOR = YES;
				GCC_WARN_UNINITIALIZED_AUTOS = YES_AGGRESSIVE;
				GCC_WARN_UNUSED_FUNCTION = YES;
				GCC_WARN_UNUSED_VARIABLE = YES;
				IPHONEOS_DEPLOYMENT_TARGET = 10.2;
				MTL_ENABLE_DEBUG_INFO = YES;
				ONLY_ACTIVE_ARCH = YES;
				SDKROOT = iphoneos;
				SWIFT_ACTIVE_COMPILATION_CONDITIONS = DEBUG;
				SWIFT_OPTIMIZATION_LEVEL = "-Onone";
				TARGETED_DEVICE_FAMILY = "1,2";
			};
			name = Debug;
		};
		7061303C1E7EEF2F00B9A186 /* Release */ = {
			isa = XCBuildConfiguration;
			buildSettings = {
				ALWAYS_SEARCH_USER_PATHS = NO;
				CLANG_ANALYZER_NONNULL = YES;
				CLANG_CXX_LANGUAGE_STANDARD = "gnu++0x";
				CLANG_CXX_LIBRARY = "libc++";
				CLANG_ENABLE_MODULES = YES;
				CLANG_ENABLE_OBJC_ARC = YES;
				CLANG_WARN_BOOL_CONVERSION = YES;
				CLANG_WARN_CONSTANT_CONVERSION = YES;
				CLANG_WARN_DIRECT_OBJC_ISA_USAGE = YES_ERROR;
				CLANG_WARN_DOCUMENTATION_COMMENTS = YES;
				CLANG_WARN_EMPTY_BODY = YES;
				CLANG_WARN_ENUM_CONVERSION = YES;
				CLANG_WARN_INFINITE_RECURSION = YES;
				CLANG_WARN_INT_CONVERSION = YES;
				CLANG_WARN_OBJC_ROOT_CLASS = YES_ERROR;
				CLANG_WARN_SUSPICIOUS_MOVE = YES;
				CLANG_WARN_UNREACHABLE_CODE = YES;
				CLANG_WARN__DUPLICATE_METHOD_MATCH = YES;
				"CODE_SIGN_IDENTITY[sdk=iphoneos*]" = "iPhone Developer";
				COPY_PHASE_STRIP = NO;
				DEBUG_INFORMATION_FORMAT = "dwarf-with-dsym";
				ENABLE_NS_ASSERTIONS = NO;
				ENABLE_STRICT_OBJC_MSGSEND = YES;
				GCC_C_LANGUAGE_STANDARD = gnu99;
				GCC_NO_COMMON_BLOCKS = YES;
				GCC_WARN_64_TO_32_BIT_CONVERSION = YES;
				GCC_WARN_ABOUT_RETURN_TYPE = YES_ERROR;
				GCC_WARN_UNDECLARED_SELECTOR = YES;
				GCC_WARN_UNINITIALIZED_AUTOS = YES_AGGRESSIVE;
				GCC_WARN_UNUSED_FUNCTION = YES;
				GCC_WARN_UNUSED_VARIABLE = YES;
				IPHONEOS_DEPLOYMENT_TARGET = 10.2;
				MTL_ENABLE_DEBUG_INFO = NO;
				SDKROOT = iphoneos;
				SWIFT_OPTIMIZATION_LEVEL = "-Owholemodule";
				TARGETED_DEVICE_FAMILY = "1,2";
				VALIDATE_PRODUCT = YES;
			};
			name = Release;
		};
		7061303E1E7EEF2F00B9A186 /* Debug */ = {
			isa = XCBuildConfiguration;
			buildSettings = {
				ASSETCATALOG_COMPILER_APPICON_NAME = AppIcon;
				DEVELOPMENT_TEAM = 2S9F6RQJH8;
				INFOPLIST_FILE = FaceIt/Info.plist;
				LD_RUNPATH_SEARCH_PATHS = "$(inherited) @executable_path/Frameworks";
				PRODUCT_BUNDLE_IDENTIFIER = com.ParkCityLabs.FaceIt;
				PRODUCT_NAME = "$(TARGET_NAME)";
				SWIFT_VERSION = 3.0;
			};
			name = Debug;
		};
		7061303F1E7EEF2F00B9A186 /* Release */ = {
			isa = XCBuildConfiguration;
			buildSettings = {
				ASSETCATALOG_COMPILER_APPICON_NAME = AppIcon;
				DEVELOPMENT_TEAM = 2S9F6RQJH8;
				INFOPLIST_FILE = FaceIt/Info.plist;
				LD_RUNPATH_SEARCH_PATHS = "$(inherited) @executable_path/Frameworks";
				PRODUCT_BUNDLE_IDENTIFIER = com.ParkCityLabs.FaceIt;
				PRODUCT_NAME = "$(TARGET_NAME)";
				SWIFT_VERSION = 3.0;
			};
			name = Release;
		};
/* End XCBuildConfiguration section */

/* Begin XCConfigurationList section */
		706130261E7EEF2E00B9A186 /* Build configuration list for PBXProject "FaceIt" */ = {
			isa = XCConfigurationList;
			buildConfigurations = (
				7061303B1E7EEF2F00B9A186 /* Debug */,
				7061303C1E7EEF2F00B9A186 /* Release */,
			);
			defaultConfigurationIsVisible = 0;
			defaultConfigurationName = Release;
		};
		7061303D1E7EEF2F00B9A186 /* Build configuration list for PBXNativeTarget "FaceIt" */ = {
			isa = XCConfigurationList;
			buildConfigurations = (
				7061303E1E7EEF2F00B9A186 /* Debug */,
				7061303F1E7EEF2F00B9A186 /* Release */,
			);
			defaultConfigurationIsVisible = 0;
		};
/* End XCConfigurationList section */
	};
	rootObject = 706130231E7EEF2E00B9A186 /* Project object */;
}
