// !$*UTF8*$!
{
	archiveVersion = 1;
	classes = {
	};
	objectVersion = 46;
	objects = {

/* Begin PBXBuildFile section */
		7068ABA51E926ABC00E5BAE1 /* AppDelegate.swift in Sources */ = {isa = PBXBuildFile; fileRef = 7068ABA41E926ABC00E5BAE1 /* AppDelegate.swift */; };
		7068ABA71E926ABC00E5BAE1 /* ViewController.swift in Sources */ = {isa = PBXBuildFile; fileRef = 7068ABA61E926ABC00E5BAE1 /* ViewController.swift */; };
		7068ABAA1E926ABC00E5BAE1 /* Main.storyboard in Resources */ = {isa = PBXBuildFile; fileRef = 7068ABA81E926ABC00E5BAE1 /* Main.storyboard */; };
		7068ABAD1E926ABC00E5BAE1 /* CoreDataExample.xcdatamodeld in Sources */ = {isa = PBXBuildFile; fileRef = 7068ABAB1E926ABC00E5BAE1 /* CoreDataExample.xcdatamodeld */; };
		7068ABAF1E926ABC00E5BAE1 /* Assets.xcassets in Resources */ = {isa = PBXBuildFile; fileRef = 7068ABAE1E926ABC00E5BAE1 /* Assets.xcassets */; };
		7068ABB21E926ABC00E5BAE1 /* LaunchScreen.storyboard in Resources */ = {isa = PBXBuildFile; fileRef = 7068ABB01E926ABC00E5BAE1 /* LaunchScreen.storyboard */; };
		7068ABBC1E92890200E5BAE1 /* Tweet.swift in Sources */ = {isa = PBXBuildFile; fileRef = 7068ABBB1E92890200E5BAE1 /* Tweet.swift */; };
		7068ABBE1E928A4400E5BAE1 /* TwitterUser.swift in Sources */ = {isa = PBXBuildFile; fileRef = 7068ABBD1E928A4400E5BAE1 /* TwitterUser.swift */; };
/* End PBXBuildFile section */

/* Begin PBXFileReference section */
		7068ABA11E926ABC00E5BAE1 /* CoreDataExample.app */ = {isa = PBXFileReference; explicitFileType = wrapper.application; includeInIndex = 0; path = CoreDataExample.app; sourceTree = BUILT_PRODUCTS_DIR; };
		7068ABA41E926ABC00E5BAE1 /* AppDelegate.swift */ = {isa = PBXFileReference; lastKnownFileType = sourcecode.swift; path = AppDelegate.swift; sourceTree = "<group>"; };
		7068ABA61E926ABC00E5BAE1 /* ViewController.swift */ = {isa = PBXFileReference; lastKnownFileType = sourcecode.swift; path = ViewController.swift; sourceTree = "<group>"; };
		7068ABA91E926ABC00E5BAE1 /* Base */ = {isa = PBXFileReference; lastKnownFileType = file.storyboard; name = Base; path = Base.lproj/Main.storyboard; sourceTree = "<group>"; };
		7068ABAC1E926ABC00E5BAE1 /* CoreDataExample.xcdatamodel */ = {isa = PBXFileReference; lastKnownFileType = wrapper.xcdatamodel; path = CoreDataExample.xcdatamodel; sourceTree = "<group>"; };
		7068ABAE1E926ABC00E5BAE1 /* Assets.xcassets */ = {isa = PBXFileReference; lastKnownFileType = folder.assetcatalog; path = Assets.xcassets; sourceTree = "<group>"; };
		7068ABB11E926ABC00E5BAE1 /* Base */ = {isa = PBXFileReference; lastKnownFileType = file.storyboard; name = Base; path = Base.lproj/LaunchScreen.storyboard; sourceTree = "<group>"; };
		7068ABB31E926ABC00E5BAE1 /* Info.plist */ = {isa = PBXFileReference; lastKnownFileType = text.plist.xml; path = Info.plist; sourceTree = "<group>"; };
		7068ABBB1E92890200E5BAE1 /* Tweet.swift */ = {isa = PBXFileReference; fileEncoding = 4; lastKnownFileType = sourcecode.swift; path = Tweet.swift; sourceTree = "<group>"; };
		7068ABBD1E928A4400E5BAE1 /* TwitterUser.swift */ = {isa = PBXFileReference; fileEncoding = 4; lastKnownFileType = sourcecode.swift; path = TwitterUser.swift; sourceTree = "<group>"; };
/* End PBXFileReference section */

/* Begin PBXFrameworksBuildPhase section */
		7068AB9E1E926ABC00E5BAE1 /* Frameworks */ = {
			isa = PBXFrameworksBuildPhase;
			buildActionMask = 2147483647;
			files = (
			);
			runOnlyForDeploymentPostprocessing = 0;
		};
/* End PBXFrameworksBuildPhase section */

/* Begin PBXGroup section */
		7068AB981E926ABB00E5BAE1 = {
			isa = PBXGroup;
			children = (
				7068ABA31E926ABC00E5BAE1 /* CoreDataExample */,
				7068ABA21E926ABC00E5BAE1 /* Products */,
			);
			sourceTree = "<group>";
		};
		7068ABA21E926ABC00E5BAE1 /* Products */ = {
			isa = PBXGroup;
			children = (
				7068ABA11E926ABC00E5BAE1 /* CoreDataExample.app */,
			);
			name = Products;
			sourceTree = "<group>";
		};
		7068ABA31E926ABC00E5BAE1 /* CoreDataExample */ = {
			isa = PBXGroup;
			children = (
				7068ABBB1E92890200E5BAE1 /* Tweet.swift */,
				7068ABBD1E928A4400E5BAE1 /* TwitterUser.swift */,
				7068ABA41E926ABC00E5BAE1 /* AppDelegate.swift */,
				7068ABA61E926ABC00E5BAE1 /* ViewController.swift */,
				7068ABA81E926ABC00E5BAE1 /* Main.storyboard */,
				7068ABAE1E926ABC00E5BAE1 /* Assets.xcassets */,
				7068ABB01E926ABC00E5BAE1 /* LaunchScreen.storyboard */,
				7068ABB31E926ABC00E5BAE1 /* Info.plist */,
				7068ABAB1E926ABC00E5BAE1 /* CoreDataExample.xcdatamodeld */,
			);
			path = CoreDataExample;
			sourceTree = "<group>";
		};
/* End PBXGroup section */

/* Begin PBXNativeTarget section */
		7068ABA01E926ABC00E5BAE1 /* CoreDataExample */ = {
			isa = PBXNativeTarget;
			buildConfigurationList = 7068ABB61E926ABC00E5BAE1 /* Build configuration list for PBXNativeTarget "CoreDataExample" */;
			buildPhases = (
				7068AB9D1E926ABC00E5BAE1 /* Sources */,
				7068AB9E1E926ABC00E5BAE1 /* Frameworks */,
				7068AB9F1E926ABC00E5BAE1 /* Resources */,
			);
			buildRules = (
			);
			dependencies = (
			);
			name = CoreDataExample;
			productName = CoreDataExample;
			productReference = 7068ABA11E926ABC00E5BAE1 /* CoreDataExample.app */;
			productType = "com.apple.product-type.application";
		};
/* End PBXNativeTarget section */

/* Begin PBXProject section */
		7068AB991E926ABC00E5BAE1 /* Project object */ = {
			isa = PBXProject;
			attributes = {
				LastSwiftUpdateCheck = 0830;
				LastUpgradeCheck = 0830;
				ORGANIZATIONNAME = "Doug Wells";
				TargetAttributes = {
					7068ABA01E926ABC00E5BAE1 = {
						CreatedOnToolsVersion = 8.3;
						DevelopmentTeam = 2S9F6RQJH8;
						ProvisioningStyle = Automatic;
					};
				};
			};
			buildConfigurationList = 7068AB9C1E926ABC00E5BAE1 /* Build configuration list for PBXProject "CoreDataExample" */;
			compatibilityVersion = "Xcode 3.2";
			developmentRegion = English;
			hasScannedForEncodings = 0;
			knownRegions = (
				en,
				Base,
			);
			mainGroup = 7068AB981E926ABB00E5BAE1;
			productRefGroup = 7068ABA21E926ABC00E5BAE1 /* Products */;
			projectDirPath = "";
			projectRoot = "";
			targets = (
				7068ABA01E926ABC00E5BAE1 /* CoreDataExample */,
			);
		};
/* End PBXProject section */

/* Begin PBXResourcesBuildPhase section */
		7068AB9F1E926ABC00E5BAE1 /* Resources */ = {
			isa = PBXResourcesBuildPhase;
			buildActionMask = 2147483647;
			files = (
				7068ABB21E926ABC00E5BAE1 /* LaunchScreen.storyboard in Resources */,
				7068ABAF1E926ABC00E5BAE1 /* Assets.xcassets in Resources */,
				7068ABAA1E926ABC00E5BAE1 /* Main.storyboard in Resources */,
			);
			runOnlyForDeploymentPostprocessing = 0;
		};
/* End PBXResourcesBuildPhase section */

/* Begin PBXSourcesBuildPhase section */
		7068AB9D1E926ABC00E5BAE1 /* Sources */ = {
			isa = PBXSourcesBuildPhase;
			buildActionMask = 2147483647;
			files = (
				7068ABBE1E928A4400E5BAE1 /* TwitterUser.swift in Sources */,
				7068ABA71E926ABC00E5BAE1 /* ViewController.swift in Sources */,
				7068ABA51E926ABC00E5BAE1 /* AppDelegate.swift in Sources */,
				7068ABAD1E926ABC00E5BAE1 /* CoreDataExample.xcdatamodeld in Sources */,
				7068ABBC1E92890200E5BAE1 /* Tweet.swift in Sources */,
			);
			runOnlyForDeploymentPostprocessing = 0;
		};
/* End PBXSourcesBuildPhase section */

/* Begin PBXVariantGroup section */
		7068ABA81E926ABC00E5BAE1 /* Main.storyboard */ = {
			isa = PBXVariantGroup;
			children = (
				7068ABA91E926ABC00E5BAE1 /* Base */,
			);
			name = Main.storyboard;
			sourceTree = "<group>";
		};
		7068ABB01E926ABC00E5BAE1 /* LaunchScreen.storyboard */ = {
			isa = PBXVariantGroup;
			children = (
				7068ABB11E926ABC00E5BAE1 /* Base */,
			);
			name = LaunchScreen.storyboard;
			sourceTree = "<group>";
		};
/* End PBXVariantGroup section */

/* Begin XCBuildConfiguration section */
		7068ABB41E926ABC00E5BAE1 /* Debug */ = {
			isa = XCBuildConfiguration;
			buildSettings = {
				ALWAYS_SEARCH_USER_PATHS = NO;
				CLANG_ANALYZER_NONNULL = YES;
				CLANG_ANALYZER_NUMBER_OBJECT_CONVERSION = YES_AGGRESSIVE;
				CLANG_CXX_LANGUAGE_STANDARD = "gnu++0x";
				CLANG_CXX_LIBRARY = "libc++";
				CLANG_ENABLE_MODULES = YES;
				CLANG_ENABLE_OBJC_ARC = YES;
				CLANG_WARN_BOOL_CONVERSION = YES;
				CLANG_WARN_CONSTANT_CONVERSION = YES;
				CLANG_WARN_DIRECT_OBJC_ISA_USAGE = YES_ERROR;
				CLANG_WARN_DOCUMENTATION_COMMENTS = YES;
				CLANG_WARN_EMPTY_BODY = YES;
				CLANG_WARN_ENUM_CONVERSION = YES;
				CLANG_WARN_INFINITE_RECURSION = YES;
				CLANG_WARN_INT_CONVERSION = YES;
				CLANG_WARN_OBJC_ROOT_CLASS = YES_ERROR;
				CLANG_WARN_SUSPICIOUS_MOVE = YES;
				CLANG_WARN_UNREACHABLE_CODE = YES;
				CLANG_WARN__DUPLICATE_METHOD_MATCH = YES;
				"CODE_SIGN_IDENTITY[sdk=iphoneos*]" = "iPhone Developer";
				COPY_PHASE_STRIP = NO;
				DEBUG_INFORMATION_FORMAT = dwarf;
				ENABLE_STRICT_OBJC_MSGSEND = YES;
				ENABLE_TESTABILITY = YES;
				GCC_C_LANGUAGE_STANDARD = gnu99;
				GCC_DYNAMIC_NO_PIC = NO;
				GCC_NO_COMMON_BLOCKS = YES;
				GCC_OPTIMIZATION_LEVEL = 0;
				GCC_PREPROCESSOR_DEFINITIONS = (
					"DEBUG=1",
					"$(inherited)",
				);
				GCC_WARN_64_TO_32_BIT_CONVERSION = YES;
				GCC_WARN_ABOUT_RETURN_TYPE = YES_ERROR;
				GCC_WARN_UNDECLARED_SELECTOR = YES;
				GCC_WARN_UNINITIALIZED_AUTOS = YES_AGGRESSIVE;
				GCC_WARN_UNUSED_FUNCTION = YES;
				GCC_WARN_UNUSED_VARIABLE = YES;
				IPHONEOS_DEPLOYMENT_TARGET = 10.3;
				MTL_ENABLE_DEBUG_INFO = YES;
				ONLY_ACTIVE_ARCH = YES;
				SDKROOT = iphoneos;
				SWIFT_ACTIVE_COMPILATION_CONDITIONS = DEBUG;
				SWIFT_OPTIMIZATION_LEVEL = "-Onone";
			};
			name = Debug;
		};
		7068ABB51E926ABC00E5BAE1 /* Release */ = {
			isa = XCBuildConfiguration;
			buildSettings = {
				ALWAYS_SEARCH_USER_PATHS = NO;
				CLANG_ANALYZER_NONNULL = YES;
				CLANG_ANALYZER_NUMBER_OBJECT_CONVERSION = YES_AGGRESSIVE;
				CLANG_CXX_LANGUAGE_STANDARD = "gnu++0x";
				CLANG_CXX_LIBRARY = "libc++";
				CLANG_ENABLE_MODULES = YES;
				CLANG_ENABLE_OBJC_ARC = YES;
				CLANG_WARN_BOOL_CONVERSION = YES;
				CLANG_WARN_CONSTANT_CONVERSION = YES;
				CLANG_WARN_DIRECT_OBJC_ISA_USAGE = YES_ERROR;
				CLANG_WARN_DOCUMENTATION_COMMENTS = YES;
				CLANG_WARN_EMPTY_BODY = YES;
				CLANG_WARN_ENUM_CONVERSION = YES;
				CLANG_WARN_INFINITE_RECURSION = YES;
				CLANG_WARN_INT_CONVERSION = YES;
				CLANG_WARN_OBJC_ROOT_CLASS = YES_ERROR;
				CLANG_WARN_SUSPICIOUS_MOVE = YES;
				CLANG_WARN_UNREACHABLE_CODE = YES;
				CLANG_WARN__DUPLICATE_METHOD_MATCH = YES;
				"CODE_SIGN_IDENTITY[sdk=iphoneos*]" = "iPhone Developer";
				COPY_PHASE_STRIP = NO;
				DEBUG_INFORMATION_FORMAT = "dwarf-with-dsym";
				ENABLE_NS_ASSERTIONS = NO;
				ENABLE_STRICT_OBJC_MSGSEND = YES;
				GCC_C_LANGUAGE_STANDARD = gnu99;
				GCC_NO_COMMON_BLOCKS = YES;
				GCC_WARN_64_TO_32_BIT_CONVERSION = YES;
				GCC_WARN_ABOUT_RETURN_TYPE = YES_ERROR;
				GCC_WARN_UNDECLARED_SELECTOR = YES;
				GCC_WARN_UNINITIALIZED_AUTOS = YES_AGGRESSIVE;
				GCC_WARN_UNUSED_FUNCTION = YES;
				GCC_WARN_UNUSED_VARIABLE = YES;
				IPHONEOS_DEPLOYMENT_TARGET = 10.3;
				MTL_ENABLE_DEBUG_INFO = NO;
				SDKROOT = iphoneos;
				SWIFT_OPTIMIZATION_LEVEL = "-Owholemodule";
				VALIDATE_PRODUCT = YES;
			};
			name = Release;
		};
		7068ABB71E926ABC00E5BAE1 /* Debug */ = {
			isa = XCBuildConfiguration;
			buildSettings = {
				ASSETCATALOG_COMPILER_APPICON_NAME = AppIcon;
				DEVELOPMENT_TEAM = 2S9F6RQJH8;
				INFOPLIST_FILE = CoreDataExample/Info.plist;
				LD_RUNPATH_SEARCH_PATHS = "$(inherited) @executable_path/Frameworks";
				PRODUCT_BUNDLE_IDENTIFIER = com.ParkCityLabs.CoreDataExample;
				PRODUCT_NAME = "$(TARGET_NAME)";
				SWIFT_VERSION = 3.0;
			};
			name = Debug;
		};
		7068ABB81E926ABC00E5BAE1 /* Release */ = {
			isa = XCBuildConfiguration;
			buildSettings = {
				ASSETCATALOG_COMPILER_APPICON_NAME = AppIcon;
				DEVELOPMENT_TEAM = 2S9F6RQJH8;
				INFOPLIST_FILE = CoreDataExample/Info.plist;
				LD_RUNPATH_SEARCH_PATHS = "$(inherited) @executable_path/Frameworks";
				PRODUCT_BUNDLE_IDENTIFIER = com.ParkCityLabs.CoreDataExample;
				PRODUCT_NAME = "$(TARGET_NAME)";
				SWIFT_VERSION = 3.0;
			};
			name = Release;
		};
/* End XCBuildConfiguration section */

/* Begin XCConfigurationList section */
		7068AB9C1E926ABC00E5BAE1 /* Build configuration list for PBXProject "CoreDataExample" */ = {
			isa = XCConfigurationList;
			buildConfigurations = (
				7068ABB41E926ABC00E5BAE1 /* Debug */,
				7068ABB51E926ABC00E5BAE1 /* Release */,
			);
			defaultConfigurationIsVisible = 0;
			defaultConfigurationName = Release;
		};
		7068ABB61E926ABC00E5BAE1 /* Build configuration list for PBXNativeTarget "CoreDataExample" */ = {
			isa = XCConfigurationList;
			buildConfigurations = (
				7068ABB71E926ABC00E5BAE1 /* Debug */,
				7068ABB81E926ABC00E5BAE1 /* Release */,
			);
			defaultConfigurationIsVisible = 0;
		};
/* End XCConfigurationList section */

/* Begin XCVersionGroup section */
		7068ABAB1E926ABC00E5BAE1 /* CoreDataExample.xcdatamodeld */ = {
			isa = XCVersionGroup;
			children = (
				7068ABAC1E926ABC00E5BAE1 /* CoreDataExample.xcdatamodel */,
			);
			currentVersion = 7068ABAC1E926ABC00E5BAE1 /* CoreDataExample.xcdatamodel */;
			path = CoreDataExample.xcdatamodeld;
			sourceTree = "<group>";
			versionGroupType = wrapper.xcdatamodel;
		};
/* End XCVersionGroup section */
	};
	rootObject = 7068AB991E926ABC00E5BAE1 /* Project object */;
}
