// !$*UTF8*$!
{
	archiveVersion = 1;
	classes = {
	};
	objectVersion = 46;
	objects = {

/* Begin PBXBuildFile section */
		701010B41E88364200D578C9 /* AppDelegate.swift in Sources */ = {isa = PBXBuildFile; fileRef = 701010B31E88364200D578C9 /* AppDelegate.swift */; };
		701010B91E88364200D578C9 /* Main.storyboard in Resources */ = {isa = PBXBuildFile; fileRef = 701010B71E88364200D578C9 /* Main.storyboard */; };
		701010BB1E88364200D578C9 /* Assets.xcassets in Resources */ = {isa = PBXBuildFile; fileRef = 701010BA1E88364200D578C9 /* Assets.xcassets */; };
		701010BE1E88364200D578C9 /* LaunchScreen.storyboard in Resources */ = {isa = PBXBuildFile; fileRef = 701010BC1E88364200D578C9 /* LaunchScreen.storyboard */; };
		701010C71E88377E00D578C9 /* ImageViewController.swift in Sources */ = {isa = PBXBuildFile; fileRef = 701010C61E88377E00D578C9 /* ImageViewController.swift */; };
		7064F1201E899023004065E7 /* CassiniViewController.swift in Sources */ = {isa = PBXBuildFile; fileRef = 7064F11F1E899023004065E7 /* CassiniViewController.swift */; };
		7064F1221E8990E1004065E7 /* DemoURL.swift in Sources */ = {isa = PBXBuildFile; fileRef = 7064F1211E8990E1004065E7 /* DemoURL.swift */; };
/* End PBXBuildFile section */

/* Begin PBXFileReference section */
		701010B01E88364200D578C9 /* Cassini.app */ = {isa = PBXFileReference; explicitFileType = wrapper.application; includeInIndex = 0; path = Cassini.app; sourceTree = BUILT_PRODUCTS_DIR; };
		701010B31E88364200D578C9 /* AppDelegate.swift */ = {isa = PBXFileReference; lastKnownFileType = sourcecode.swift; path = AppDelegate.swift; sourceTree = "<group>"; };
		701010B81E88364200D578C9 /* Base */ = {isa = PBXFileReference; lastKnownFileType = file.storyboard; name = Base; path = Base.lproj/Main.storyboard; sourceTree = "<group>"; };
		701010BA1E88364200D578C9 /* Assets.xcassets */ = {isa = PBXFileReference; lastKnownFileType = folder.assetcatalog; path = Assets.xcassets; sourceTree = "<group>"; };
		701010BD1E88364200D578C9 /* Base */ = {isa = PBXFileReference; lastKnownFileType = file.storyboard; name = Base; path = Base.lproj/LaunchScreen.storyboard; sourceTree = "<group>"; };
		701010BF1E88364200D578C9 /* Info.plist */ = {isa = PBXFileReference; lastKnownFileType = text.plist.xml; path = Info.plist; sourceTree = "<group>"; };
		701010C61E88377E00D578C9 /* ImageViewController.swift */ = {isa = PBXFileReference; fileEncoding = 4; lastKnownFileType = sourcecode.swift; path = ImageViewController.swift; sourceTree = "<group>"; };
		7064F11F1E899023004065E7 /* CassiniViewController.swift */ = {isa = PBXFileReference; fileEncoding = 4; lastKnownFileType = sourcecode.swift; path = CassiniViewController.swift; sourceTree = "<group>"; };
		7064F1211E8990E1004065E7 /* DemoURL.swift */ = {isa = PBXFileReference; fileEncoding = 4; lastKnownFileType = sourcecode.swift; path = DemoURL.swift; sourceTree = "<group>"; };
/* End PBXFileReference section */

/* Begin PBXFrameworksBuildPhase section */
		701010AD1E88364200D578C9 /* Frameworks */ = {
			isa = PBXFrameworksBuildPhase;
			buildActionMask = 2147483647;
			files = (
			);
			runOnlyForDeploymentPostprocessing = 0;
		};
/* End PBXFrameworksBuildPhase section */

/* Begin PBXGroup section */
		701010A71E88364200D578C9 = {
			isa = PBXGroup;
			children = (
				701010B21E88364200D578C9 /* Cassini */,
				701010B11E88364200D578C9 /* Products */,
			);
			sourceTree = "<group>";
		};
		701010B11E88364200D578C9 /* Products */ = {
			isa = PBXGroup;
			children = (
				701010B01E88364200D578C9 /* Cassini.app */,
			);
			name = Products;
			sourceTree = "<group>";
		};
		701010B21E88364200D578C9 /* Cassini */ = {
			isa = PBXGroup;
			children = (
				701010B71E88364200D578C9 /* Main.storyboard */,
				7064F11F1E899023004065E7 /* CassiniViewController.swift */,
				7064F1211E8990E1004065E7 /* DemoURL.swift */,
				701010C61E88377E00D578C9 /* ImageViewController.swift */,
				701010BF1E88364200D578C9 /* Info.plist */,
				701010C51E88369500D578C9 /* Supporting Files */,
			);
			path = Cassini;
			sourceTree = "<group>";
		};
		701010C51E88369500D578C9 /* Supporting Files */ = {
			isa = PBXGroup;
			children = (
				701010B31E88364200D578C9 /* AppDelegate.swift */,
				701010BA1E88364200D578C9 /* Assets.xcassets */,
				701010BC1E88364200D578C9 /* LaunchScreen.storyboard */,
			);
			name = "Supporting Files";
			sourceTree = "<group>";
		};
/* End PBXGroup section */

/* Begin PBXNativeTarget section */
		701010AF1E88364200D578C9 /* Cassini */ = {
			isa = PBXNativeTarget;
			buildConfigurationList = 701010C21E88364200D578C9 /* Build configuration list for PBXNativeTarget "Cassini" */;
			buildPhases = (
				701010AC1E88364200D578C9 /* Sources */,
				701010AD1E88364200D578C9 /* Frameworks */,
				701010AE1E88364200D578C9 /* Resources */,
			);
			buildRules = (
			);
			dependencies = (
			);
			name = Cassini;
			productName = Cassini;
			productReference = 701010B01E88364200D578C9 /* Cassini.app */;
			productType = "com.apple.product-type.application";
		};
/* End PBXNativeTarget section */

/* Begin PBXProject section */
		701010A81E88364200D578C9 /* Project object */ = {
			isa = PBXProject;
			attributes = {
				LastSwiftUpdateCheck = 0820;
				LastUpgradeCheck = 0820;
				ORGANIZATIONNAME = "Doug Wells";
				TargetAttributes = {
					701010AF1E88364200D578C9 = {
						CreatedOnToolsVersion = 8.2.1;
						DevelopmentTeam = 2S9F6RQJH8;
						ProvisioningStyle = Automatic;
					};
				};
			};
			buildConfigurationList = 701010AB1E88364200D578C9 /* Build configuration list for PBXProject "Cassini" */;
			compatibilityVersion = "Xcode 3.2";
			developmentRegion = English;
			hasScannedForEncodings = 0;
			knownRegions = (
				en,
				Base,
			);
			mainGroup = 701010A71E88364200D578C9;
			productRefGroup = 701010B11E88364200D578C9 /* Products */;
			projectDirPath = "";
			projectRoot = "";
			targets = (
				701010AF1E88364200D578C9 /* Cassini */,
			);
		};
/* End PBXProject section */

/* Begin PBXResourcesBuildPhase section */
		701010AE1E88364200D578C9 /* Resources */ = {
			isa = PBXResourcesBuildPhase;
			buildActionMask = 2147483647;
			files = (
				701010BE1E88364200D578C9 /* LaunchScreen.storyboard in Resources */,
				701010BB1E88364200D578C9 /* Assets.xcassets in Resources */,
				701010B91E88364200D578C9 /* Main.storyboard in Resources */,
			);
			runOnlyForDeploymentPostprocessing = 0;
		};
/* End PBXResourcesBuildPhase section */

/* Begin PBXSourcesBuildPhase section */
		701010AC1E88364200D578C9 /* Sources */ = {
			isa = PBXSourcesBuildPhase;
			buildActionMask = 2147483647;
			files = (
				7064F1221E8990E1004065E7 /* DemoURL.swift in Sources */,
				701010C71E88377E00D578C9 /* ImageViewController.swift in Sources */,
				7064F1201E899023004065E7 /* CassiniViewController.swift in Sources */,
				701010B41E88364200D578C9 /* AppDelegate.swift in Sources */,
			);
			runOnlyForDeploymentPostprocessing = 0;
		};
/* End PBXSourcesBuildPhase section */

/* Begin PBXVariantGroup section */
		701010B71E88364200D578C9 /* Main.storyboard */ = {
			isa = PBXVariantGroup;
			children = (
				701010B81E88364200D578C9 /* Base */,
			);
			name = Main.storyboard;
			sourceTree = "<group>";
		};
		701010BC1E88364200D578C9 /* LaunchScreen.storyboard */ = {
			isa = PBXVariantGroup;
			children = (
				701010BD1E88364200D578C9 /* Base */,
			);
			name = LaunchScreen.storyboard;
			sourceTree = "<group>";
		};
/* End PBXVariantGroup section */

/* Begin XCBuildConfiguration section */
		701010C01E88364200D578C9 /* Debug */ = {
			isa = XCBuildConfiguration;
			buildSettings = {
				ALWAYS_SEARCH_USER_PATHS = NO;
				CLANG_ANALYZER_NONNULL = YES;
				CLANG_CXX_LANGUAGE_STANDARD = "gnu++0x";
				CLANG_CXX_LIBRARY = "libc++";
				CLANG_ENABLE_MODULES = YES;
				CLANG_ENABLE_OBJC_ARC = YES;
				CLANG_WARN_BOOL_CONVERSION = YES;
				CLANG_WARN_CONSTANT_CONVERSION = YES;
				CLANG_WARN_DIRECT_OBJC_ISA_USAGE = YES_ERROR;
				CLANG_WARN_DOCUMENTATION_COMMENTS = YES;
				CLANG_WARN_EMPTY_BODY = YES;
				CLANG_WARN_ENUM_CONVERSION = YES;
				CLANG_WARN_INFINITE_RECURSION = YES;
				CLANG_WARN_INT_CONVERSION = YES;
				CLANG_WARN_OBJC_ROOT_CLASS = YES_ERROR;
				CLANG_WARN_SUSPICIOUS_MOVE = YES;
				CLANG_WARN_UNREACHABLE_CODE = YES;
				CLANG_WARN__DUPLICATE_METHOD_MATCH = YES;
				"CODE_SIGN_IDENTITY[sdk=iphoneos*]" = "iPhone Developer";
				COPY_PHASE_STRIP = NO;
				DEBUG_INFORMATION_FORMAT = dwarf;
				ENABLE_STRICT_OBJC_MSGSEND = YES;
				ENABLE_TESTABILITY = YES;
				GCC_C_LANGUAGE_STANDARD = gnu99;
				GCC_DYNAMIC_NO_PIC = NO;
				GCC_NO_COMMON_BLOCKS = YES;
				GCC_OPTIMIZATION_LEVEL = 0;
				GCC_PREPROCESSOR_DEFINITIONS = (
					"DEBUG=1",
					"$(inherited)",
				);
				GCC_WARN_64_TO_32_BIT_CONVERSION = YES;
				GCC_WARN_ABOUT_RETURN_TYPE = YES_ERROR;
				GCC_WARN_UNDECLARED_SELECTOR = YES;
				GCC_WARN_UNINITIALIZED_AUTOS = YES_AGGRESSIVE;
				GCC_WARN_UNUSED_FUNCTION = YES;
				GCC_WARN_UNUSED_VARIABLE = YES;
				IPHONEOS_DEPLOYMENT_TARGET = 10.2;
				MTL_ENABLE_DEBUG_INFO = YES;
				ONLY_ACTIVE_ARCH = YES;
				SDKROOT = iphoneos;
				SWIFT_ACTIVE_COMPILATION_CONDITIONS = DEBUG;
				SWIFT_OPTIMIZATION_LEVEL = "-Onone";
				TARGETED_DEVICE_FAMILY = "1,2";
			};
			name = Debug;
		};
		701010C11E88364200D578C9 /* Release */ = {
			isa = XCBuildConfiguration;
			buildSettings = {
				ALWAYS_SEARCH_USER_PATHS = NO;
				CLANG_ANALYZER_NONNULL = YES;
				CLANG_CXX_LANGUAGE_STANDARD = "gnu++0x";
				CLANG_CXX_LIBRARY = "libc++";
				CLANG_ENABLE_MODULES = YES;
				CLANG_ENABLE_OBJC_ARC = YES;
				CLANG_WARN_BOOL_CONVERSION = YES;
				CLANG_WARN_CONSTANT_CONVERSION = YES;
				CLANG_WARN_DIRECT_OBJC_ISA_USAGE = YES_ERROR;
				CLANG_WARN_DOCUMENTATION_COMMENTS = YES;
				CLANG_WARN_EMPTY_BODY = YES;
				CLANG_WARN_ENUM_CONVERSION = YES;
				CLANG_WARN_INFINITE_RECURSION = YES;
				CLANG_WARN_INT_CONVERSION = YES;
				CLANG_WARN_OBJC_ROOT_CLASS = YES_ERROR;
				CLANG_WARN_SUSPICIOUS_MOVE = YES;
				CLANG_WARN_UNREACHABLE_CODE = YES;
				CLANG_WARN__DUPLICATE_METHOD_MATCH = YES;
				"CODE_SIGN_IDENTITY[sdk=iphoneos*]" = "iPhone Developer";
				COPY_PHASE_STRIP = NO;
				DEBUG_INFORMATION_FORMAT = "dwarf-with-dsym";
				ENABLE_NS_ASSERTIONS = NO;
				ENABLE_STRICT_OBJC_MSGSEND = YES;
				GCC_C_LANGUAGE_STANDARD = gnu99;
				GCC_NO_COMMON_BLOCKS = YES;
				GCC_WARN_64_TO_32_BIT_CONVERSION = YES;
				GCC_WARN_ABOUT_RETURN_TYPE = YES_ERROR;
				GCC_WARN_UNDECLARED_SELECTOR = YES;
				GCC_WARN_UNINITIALIZED_AUTOS = YES_AGGRESSIVE;
				GCC_WARN_UNUSED_FUNCTION = YES;
				GCC_WARN_UNUSED_VARIABLE = YES;
				IPHONEOS_DEPLOYMENT_TARGET = 10.2;
				MTL_ENABLE_DEBUG_INFO = NO;
				SDKROOT = iphoneos;
				SWIFT_OPTIMIZATION_LEVEL = "-Owholemodule";
				TARGETED_DEVICE_FAMILY = "1,2";
				VALIDATE_PRODUCT = YES;
			};
			name = Release;
		};
		701010C31E88364200D578C9 /* Debug */ = {
			isa = XCBuildConfiguration;
			buildSettings = {
				ASSETCATALOG_COMPILER_APPICON_NAME = AppIcon;
				DEVELOPMENT_TEAM = 2S9F6RQJH8;
				INFOPLIST_FILE = Cassini/Info.plist;
				LD_RUNPATH_SEARCH_PATHS = "$(inherited) @executable_path/Frameworks";
				PRODUCT_BUNDLE_IDENTIFIER = com.ParkCityLabs.Cassini;
				PRODUCT_NAME = "$(TARGET_NAME)";
				SWIFT_VERSION = 3.0;
			};
			name = Debug;
		};
		701010C41E88364200D578C9 /* Release */ = {
			isa = XCBuildConfiguration;
			buildSettings = {
				ASSETCATALOG_COMPILER_APPICON_NAME = AppIcon;
				DEVELOPMENT_TEAM = 2S9F6RQJH8;
				INFOPLIST_FILE = Cassini/Info.plist;
				LD_RUNPATH_SEARCH_PATHS = "$(inherited) @executable_path/Frameworks";
				PRODUCT_BUNDLE_IDENTIFIER = com.ParkCityLabs.Cassini;
				PRODUCT_NAME = "$(TARGET_NAME)";
				SWIFT_VERSION = 3.0;
			};
			name = Release;
		};
/* End XCBuildConfiguration section */

/* Begin XCConfigurationList section */
		701010AB1E88364200D578C9 /* Build configuration list for PBXProject "Cassini" */ = {
			isa = XCConfigurationList;
			buildConfigurations = (
				701010C01E88364200D578C9 /* Debug */,
				701010C11E88364200D578C9 /* Release */,
			);
			defaultConfigurationIsVisible = 0;
			defaultConfigurationName = Release;
		};
		701010C21E88364200D578C9 /* Build configuration list for PBXNativeTarget "Cassini" */ = {
			isa = XCConfigurationList;
			buildConfigurations = (
				701010C31E88364200D578C9 /* Debug */,
				701010C41E88364200D578C9 /* Release */,
			);
			defaultConfigurationIsVisible = 0;
			defaultConfigurationName = Release;
		};
/* End XCConfigurationList section */
	};
	rootObject = 701010A81E88364200D578C9 /* Project object */;
}
